// !$*UTF8*$!
{
	archiveVersion = 1;
	classes = {
	};
	objectVersion = 46;
	objects = {

/* Begin PBXBuildFile section */
		152DD2DA1FE9D505000A734F /* array.c in Sources */ = {isa = PBXBuildFile; fileRef = 152DD2CF1FE9D504000A734F /* array.c */; };
		152DD2DB1FE9D505000A734F /* renderers.c in Sources */ = {isa = PBXBuildFile; fileRef = 152DD2D01FE9D504000A734F /* renderers.c */; };
		152DD2DD1FE9D505000A734F /* markdown.c in Sources */ = {isa = PBXBuildFile; fileRef = 152DD2D41FE9D505000A734F /* markdown.c */; };
		152DD2DE1FE9D505000A734F /* buffer.c in Sources */ = {isa = PBXBuildFile; fileRef = 152DD2D51FE9D505000A734F /* buffer.c */; };
		152DD2E41FEDDC6C000A734F /* SoldoutWrapper.m in Sources */ = {isa = PBXBuildFile; fileRef = 152DD2E31FEDDC6C000A734F /* SoldoutWrapper.m */; };
		152DD2E71FEDEC51000A734F /* NEWindow.m in Sources */ = {isa = PBXBuildFile; fileRef = 152DD2E61FEDEC51000A734F /* NEWindow.m */; };
		152DD2E91FEDFF60000A734F /* github.css in Resources */ = {isa = PBXBuildFile; fileRef = 152DD2E81FEDFF60000A734F /* github.css */; };
		157AD3BB203647A4005562B8 /* styles in Resources */ = {isa = PBXBuildFile; fileRef = 157AD3B5203647A3005562B8 /* styles */; };
		157AD3BC203647A4005562B8 /* LICENSE in Resources */ = {isa = PBXBuildFile; fileRef = 157AD3B6203647A3005562B8 /* LICENSE */; };
		157AD3C2203648F7005562B8 /* HighlightJsWrapper.m in Sources */ = {isa = PBXBuildFile; fileRef = 157AD3C1203648F7005562B8 /* HighlightJsWrapper.m */; };
		1599D6462039381F0005FA9C /* highlight.pack.js in Resources */ = {isa = PBXBuildFile; fileRef = 1599D6452039381F0005FA9C /* highlight.pack.js */; };
		15F11FF12037ED3B00D92016 /* JavaScriptCore.framework in Frameworks */ = {isa = PBXBuildFile; fileRef = 15F11FF02037ED3B00D92016 /* JavaScriptCore.framework */; };
		300F330D1CC1BF620036149A /* SavePanelAccessoryView.m in Sources */ = {isa = PBXBuildFile; fileRef = 300F330B1CC1BF620036149A /* SavePanelAccessoryView.m */; };
		300F330E1CC1BF620036149A /* SavePanelAccessoryView.xib in Resources */ = {isa = PBXBuildFile; fileRef = 300F330C1CC1BF620036149A /* SavePanelAccessoryView.xib */; };
		309375891CB714A100A68F8E /* AppDelegate.m in Sources */ = {isa = PBXBuildFile; fileRef = 309375881CB714A100A68F8E /* AppDelegate.m */; };
		3093758C1CB714A100A68F8E /* main.m in Sources */ = {isa = PBXBuildFile; fileRef = 3093758B1CB714A100A68F8E /* main.m */; };
		3093758F1CB714A100A68F8E /* ViewController.m in Sources */ = {isa = PBXBuildFile; fileRef = 3093758E1CB714A100A68F8E /* ViewController.m */; };
		309375921CB714A100A68F8E /* Document.m in Sources */ = {isa = PBXBuildFile; fileRef = 309375911CB714A100A68F8E /* Document.m */; };
		309375941CB714A200A68F8E /* Assets.xcassets in Resources */ = {isa = PBXBuildFile; fileRef = 309375931CB714A200A68F8E /* Assets.xcassets */; };
		309375971CB714A200A68F8E /* Main.storyboard in Resources */ = {isa = PBXBuildFile; fileRef = 309375951CB714A200A68F8E /* Main.storyboard */; };
		309375A21CB714A200A68F8E /* NesageTests.m in Sources */ = {isa = PBXBuildFile; fileRef = 309375A11CB714A200A68F8E /* NesageTests.m */; };
		309375AD1CB714A300A68F8E /* NesageUITests.m in Sources */ = {isa = PBXBuildFile; fileRef = 309375AC1CB714A300A68F8E /* NesageUITests.m */; };
		309375BE1CB717EC00A68F8E /* index.html in Resources */ = {isa = PBXBuildFile; fileRef = 309375BC1CB717EC00A68F8E /* index.html */; };
		309375C01CB7185900A68F8E /* WebKit.framework in Frameworks */ = {isa = PBXBuildFile; fileRef = 309375BF1CB7185900A68F8E /* WebKit.framework */; };
		309375C31CB71CA100A68F8E /* NEWebView.m in Sources */ = {isa = PBXBuildFile; fileRef = 309375C21CB71CA100A68F8E /* NEWebView.m */; };
/* End PBXBuildFile section */

/* Begin PBXContainerItemProxy section */
		3093759E1CB714A200A68F8E /* PBXContainerItemProxy */ = {
			isa = PBXContainerItemProxy;
			containerPortal = 3093757C1CB714A100A68F8E /* Project object */;
			proxyType = 1;
			remoteGlobalIDString = 309375831CB714A100A68F8E;
			remoteInfo = Nesage;
		};
		309375A91CB714A300A68F8E /* PBXContainerItemProxy */ = {
			isa = PBXContainerItemProxy;
			containerPortal = 3093757C1CB714A100A68F8E /* Project object */;
			proxyType = 1;
			remoteGlobalIDString = 309375831CB714A100A68F8E;
			remoteInfo = Nesage;
		};
/* End PBXContainerItemProxy section */

/* Begin PBXFileReference section */
		152DD2CE1FE9D504000A734F /* buffer.h */ = {isa = PBXFileReference; fileEncoding = 4; lastKnownFileType = sourcecode.c.h; name = buffer.h; path = libsoldout/buffer.h; sourceTree = SOURCE_ROOT; };
		152DD2CF1FE9D504000A734F /* array.c */ = {isa = PBXFileReference; fileEncoding = 4; lastKnownFileType = sourcecode.c.c; name = array.c; path = libsoldout/array.c; sourceTree = SOURCE_ROOT; };
		152DD2D01FE9D504000A734F /* renderers.c */ = {isa = PBXFileReference; fileEncoding = 4; lastKnownFileType = sourcecode.c.c; name = renderers.c; path = libsoldout/renderers.c; sourceTree = SOURCE_ROOT; };
		152DD2D11FE9D504000A734F /* renderers.h */ = {isa = PBXFileReference; fileEncoding = 4; lastKnownFileType = sourcecode.c.h; name = renderers.h; path = libsoldout/renderers.h; sourceTree = SOURCE_ROOT; };
		152DD2D31FE9D505000A734F /* array.h */ = {isa = PBXFileReference; fileEncoding = 4; lastKnownFileType = sourcecode.c.h; name = array.h; path = libsoldout/array.h; sourceTree = SOURCE_ROOT; };
		152DD2D41FE9D505000A734F /* markdown.c */ = {isa = PBXFileReference; fileEncoding = 4; lastKnownFileType = sourcecode.c.c; name = markdown.c; path = libsoldout/markdown.c; sourceTree = SOURCE_ROOT; };
		152DD2D51FE9D505000A734F /* buffer.c */ = {isa = PBXFileReference; fileEncoding = 4; lastKnownFileType = sourcecode.c.c; name = buffer.c; path = libsoldout/buffer.c; sourceTree = SOURCE_ROOT; };
		152DD2D61FE9D505000A734F /* markdown.h */ = {isa = PBXFileReference; fileEncoding = 4; lastKnownFileType = sourcecode.c.h; name = markdown.h; path = libsoldout/markdown.h; sourceTree = SOURCE_ROOT; };
		152DD2E21FEDDC6C000A734F /* SoldoutWrapper.h */ = {isa = PBXFileReference; lastKnownFileType = sourcecode.c.h; path = SoldoutWrapper.h; sourceTree = "<group>"; };
		152DD2E31FEDDC6C000A734F /* SoldoutWrapper.m */ = {isa = PBXFileReference; lastKnownFileType = sourcecode.c.objc; path = SoldoutWrapper.m; sourceTree = "<group>"; };
		152DD2E51FEDEC51000A734F /* NEWindow.h */ = {isa = PBXFileReference; lastKnownFileType = sourcecode.c.h; path = NEWindow.h; sourceTree = "<group>"; };
		152DD2E61FEDEC51000A734F /* NEWindow.m */ = {isa = PBXFileReference; lastKnownFileType = sourcecode.c.objc; path = NEWindow.m; sourceTree = "<group>"; };
		152DD2E81FEDFF60000A734F /* github.css */ = {isa = PBXFileReference; fileEncoding = 4; lastKnownFileType = text.css; path = github.css; sourceTree = "<group>"; };
		157AD3B5203647A3005562B8 /* styles */ = {isa = PBXFileReference; lastKnownFileType = folder; name = styles; path = highlight.js/styles; sourceTree = SOURCE_ROOT; };
		157AD3B6203647A3005562B8 /* LICENSE */ = {isa = PBXFileReference; fileEncoding = 4; lastKnownFileType = text; name = LICENSE; path = highlight.js/LICENSE; sourceTree = SOURCE_ROOT; };
		157AD3C0203648F7005562B8 /* HighlightJsWrapper.h */ = {isa = PBXFileReference; lastKnownFileType = sourcecode.c.h; path = HighlightJsWrapper.h; sourceTree = "<group>"; };
		157AD3C1203648F7005562B8 /* HighlightJsWrapper.m */ = {isa = PBXFileReference; lastKnownFileType = sourcecode.c.objc; path = HighlightJsWrapper.m; sourceTree = "<group>"; };
		1599D6452039381F0005FA9C /* highlight.pack.js */ = {isa = PBXFileReference; fileEncoding = 4; lastKnownFileType = sourcecode.javascript; name = highlight.pack.js; path = highlight.js/highlight.pack.js; sourceTree = SOURCE_ROOT; };
		15F11FF02037ED3B00D92016 /* JavaScriptCore.framework */ = {isa = PBXFileReference; lastKnownFileType = wrapper.framework; name = JavaScriptCore.framework; path = System/Library/Frameworks/JavaScriptCore.framework; sourceTree = SDKROOT; };
		300F330A1CC1BF620036149A /* SavePanelAccessoryView.h */ = {isa = PBXFileReference; fileEncoding = 4; lastKnownFileType = sourcecode.c.h; path = SavePanelAccessoryView.h; sourceTree = "<group>"; };
		300F330B1CC1BF620036149A /* SavePanelAccessoryView.m */ = {isa = PBXFileReference; fileEncoding = 4; lastKnownFileType = sourcecode.c.objc; path = SavePanelAccessoryView.m; sourceTree = "<group>"; };
		300F330C1CC1BF620036149A /* SavePanelAccessoryView.xib */ = {isa = PBXFileReference; fileEncoding = 4; lastKnownFileType = file.xib; path = SavePanelAccessoryView.xib; sourceTree = "<group>"; };
		309375841CB714A100A68F8E /* Nesage.app */ = {isa = PBXFileReference; explicitFileType = wrapper.application; includeInIndex = 0; path = Nesage.app; sourceTree = BUILT_PRODUCTS_DIR; };
		309375871CB714A100A68F8E /* AppDelegate.h */ = {isa = PBXFileReference; lastKnownFileType = sourcecode.c.h; path = AppDelegate.h; sourceTree = "<group>"; };
		309375881CB714A100A68F8E /* AppDelegate.m */ = {isa = PBXFileReference; lastKnownFileType = sourcecode.c.objc; path = AppDelegate.m; sourceTree = "<group>"; };
		3093758B1CB714A100A68F8E /* main.m */ = {isa = PBXFileReference; lastKnownFileType = sourcecode.c.objc; path = main.m; sourceTree = "<group>"; };
		3093758D1CB714A100A68F8E /* ViewController.h */ = {isa = PBXFileReference; lastKnownFileType = sourcecode.c.h; path = ViewController.h; sourceTree = "<group>"; };
		3093758E1CB714A100A68F8E /* ViewController.m */ = {isa = PBXFileReference; lastKnownFileType = sourcecode.c.objc; path = ViewController.m; sourceTree = "<group>"; };
		309375901CB714A100A68F8E /* Document.h */ = {isa = PBXFileReference; lastKnownFileType = sourcecode.c.h; path = Document.h; sourceTree = "<group>"; };
		309375911CB714A100A68F8E /* Document.m */ = {isa = PBXFileReference; lastKnownFileType = sourcecode.c.objc; path = Document.m; sourceTree = "<group>"; };
		309375931CB714A200A68F8E /* Assets.xcassets */ = {isa = PBXFileReference; lastKnownFileType = folder.assetcatalog; path = Assets.xcassets; sourceTree = "<group>"; };
		309375961CB714A200A68F8E /* Base */ = {isa = PBXFileReference; lastKnownFileType = file.storyboard; name = Base; path = Base.lproj/Main.storyboard; sourceTree = "<group>"; };
		309375981CB714A200A68F8E /* Info.plist */ = {isa = PBXFileReference; lastKnownFileType = text.plist.xml; path = Info.plist; sourceTree = "<group>"; };
		3093759D1CB714A200A68F8E /* NesageTests.xctest */ = {isa = PBXFileReference; explicitFileType = wrapper.cfbundle; includeInIndex = 0; path = NesageTests.xctest; sourceTree = BUILT_PRODUCTS_DIR; };
		309375A11CB714A200A68F8E /* NesageTests.m */ = {isa = PBXFileReference; lastKnownFileType = sourcecode.c.objc; path = NesageTests.m; sourceTree = "<group>"; };
		309375A31CB714A200A68F8E /* Info.plist */ = {isa = PBXFileReference; lastKnownFileType = text.plist.xml; path = Info.plist; sourceTree = "<group>"; };
		309375A81CB714A300A68F8E /* NesageUITests.xctest */ = {isa = PBXFileReference; explicitFileType = wrapper.cfbundle; includeInIndex = 0; path = NesageUITests.xctest; sourceTree = BUILT_PRODUCTS_DIR; };
		309375AC1CB714A300A68F8E /* NesageUITests.m */ = {isa = PBXFileReference; lastKnownFileType = sourcecode.c.objc; path = NesageUITests.m; sourceTree = "<group>"; };
		309375AE1CB714A300A68F8E /* Info.plist */ = {isa = PBXFileReference; lastKnownFileType = text.plist.xml; path = Info.plist; sourceTree = "<group>"; };
		309375BC1CB717EC00A68F8E /* index.html */ = {isa = PBXFileReference; fileEncoding = 4; lastKnownFileType = text.html; name = index.html; path = html/index.html; sourceTree = "<group>"; };
		309375BF1CB7185900A68F8E /* WebKit.framework */ = {isa = PBXFileReference; lastKnownFileType = wrapper.framework; name = WebKit.framework; path = System/Library/Frameworks/WebKit.framework; sourceTree = SDKROOT; };
		309375C11CB71CA100A68F8E /* NEWebView.h */ = {isa = PBXFileReference; fileEncoding = 4; lastKnownFileType = sourcecode.c.h; path = NEWebView.h; sourceTree = "<group>"; };
		309375C21CB71CA100A68F8E /* NEWebView.m */ = {isa = PBXFileReference; fileEncoding = 4; lastKnownFileType = sourcecode.c.objc; path = NEWebView.m; sourceTree = "<group>"; };
/* End PBXFileReference section */

/* Begin PBXFrameworksBuildPhase section */
		309375811CB714A100A68F8E /* Frameworks */ = {
			isa = PBXFrameworksBuildPhase;
			buildActionMask = 2147483647;
			files = (
				15F11FF12037ED3B00D92016 /* JavaScriptCore.framework in Frameworks */,
				309375C01CB7185900A68F8E /* WebKit.framework in Frameworks */,
			);
			runOnlyForDeploymentPostprocessing = 0;
		};
		3093759A1CB714A200A68F8E /* Frameworks */ = {
			isa = PBXFrameworksBuildPhase;
			buildActionMask = 2147483647;
			files = (
			);
			runOnlyForDeploymentPostprocessing = 0;
		};
		309375A51CB714A200A68F8E /* Frameworks */ = {
			isa = PBXFrameworksBuildPhase;
			buildActionMask = 2147483647;
			files = (
			);
			runOnlyForDeploymentPostprocessing = 0;
		};
/* End PBXFrameworksBuildPhase section */

/* Begin PBXGroup section */
		152DD2CD1FE9D48E000A734F /* libsoldout */ = {
			isa = PBXGroup;
			children = (
				152DD2CF1FE9D504000A734F /* array.c */,
				152DD2D31FE9D505000A734F /* array.h */,
				152DD2D51FE9D505000A734F /* buffer.c */,
				152DD2CE1FE9D504000A734F /* buffer.h */,
				152DD2D41FE9D505000A734F /* markdown.c */,
				152DD2D61FE9D505000A734F /* markdown.h */,
				152DD2D01FE9D504000A734F /* renderers.c */,
				152DD2D11FE9D504000A734F /* renderers.h */,
			);
			name = libsoldout;
			sourceTree = "<group>";
		};
		157AD3B32036477D005562B8 /* highlight.js */ = {
			isa = PBXGroup;
			children = (
				1599D6452039381F0005FA9C /* highlight.pack.js */,
				157AD3B6203647A3005562B8 /* LICENSE */,
				157AD3B5203647A3005562B8 /* styles */,
			);
			name = highlight.js;
			sourceTree = "<group>";
		};
		15F11FEF2037ED3A00D92016 /* Frameworks */ = {
			isa = PBXGroup;
			children = (
				15F11FF02037ED3B00D92016 /* JavaScriptCore.framework */,
			);
			name = Frameworks;
			sourceTree = "<group>";
		};
		3093757B1CB714A000A68F8E = {
			isa = PBXGroup;
			children = (
				309375BF1CB7185900A68F8E /* WebKit.framework */,
				309375861CB714A100A68F8E /* Nesage */,
				309375A01CB714A200A68F8E /* NesageTests */,
				309375AB1CB714A300A68F8E /* NesageUITests */,
				309375851CB714A100A68F8E /* Products */,
				15F11FEF2037ED3A00D92016 /* Frameworks */,
			);
			sourceTree = "<group>";
		};
		309375851CB714A100A68F8E /* Products */ = {
			isa = PBXGroup;
			children = (
				309375841CB714A100A68F8E /* Nesage.app */,
				3093759D1CB714A200A68F8E /* NesageTests.xctest */,
				309375A81CB714A300A68F8E /* NesageUITests.xctest */,
			);
			name = Products;
			sourceTree = "<group>";
		};
		309375861CB714A100A68F8E /* Nesage */ = {
			isa = PBXGroup;
			children = (
				157AD3B32036477D005562B8 /* highlight.js */,
				152DD2CD1FE9D48E000A734F /* libsoldout */,
				300F330A1CC1BF620036149A /* SavePanelAccessoryView.h */,
				300F330B1CC1BF620036149A /* SavePanelAccessoryView.m */,
				300F330C1CC1BF620036149A /* SavePanelAccessoryView.xib */,
				309375C11CB71CA100A68F8E /* NEWebView.h */,
				309375C21CB71CA100A68F8E /* NEWebView.m */,
				309375871CB714A100A68F8E /* AppDelegate.h */,
				309375881CB714A100A68F8E /* AppDelegate.m */,
				3093758D1CB714A100A68F8E /* ViewController.h */,
				3093758E1CB714A100A68F8E /* ViewController.m */,
				309375901CB714A100A68F8E /* Document.h */,
				309375911CB714A100A68F8E /* Document.m */,
				152DD2E21FEDDC6C000A734F /* SoldoutWrapper.h */,
				152DD2E31FEDDC6C000A734F /* SoldoutWrapper.m */,
				309375931CB714A200A68F8E /* Assets.xcassets */,
				309375951CB714A200A68F8E /* Main.storyboard */,
				309375981CB714A200A68F8E /* Info.plist */,
				3093758A1CB714A100A68F8E /* Supporting Files */,
				152DD2E51FEDEC51000A734F /* NEWindow.h */,
				152DD2E61FEDEC51000A734F /* NEWindow.m */,
				157AD3C0203648F7005562B8 /* HighlightJsWrapper.h */,
				157AD3C1203648F7005562B8 /* HighlightJsWrapper.m */,
			);
			path = Nesage;
			sourceTree = "<group>";
		};
		3093758A1CB714A100A68F8E /* Supporting Files */ = {
			isa = PBXGroup;
			children = (
				152DD2E81FEDFF60000A734F /* github.css */,
				309375BA1CB717C100A68F8E /* html */,
				3093758B1CB714A100A68F8E /* main.m */,
			);
			name = "Supporting Files";
			sourceTree = "<group>";
		};
		309375A01CB714A200A68F8E /* NesageTests */ = {
			isa = PBXGroup;
			children = (
				309375A11CB714A200A68F8E /* NesageTests.m */,
				309375A31CB714A200A68F8E /* Info.plist */,
			);
			path = NesageTests;
			sourceTree = "<group>";
		};
		309375AB1CB714A300A68F8E /* NesageUITests */ = {
			isa = PBXGroup;
			children = (
				309375AC1CB714A300A68F8E /* NesageUITests.m */,
				309375AE1CB714A300A68F8E /* Info.plist */,
			);
			path = NesageUITests;
			sourceTree = "<group>";
		};
		309375BA1CB717C100A68F8E /* html */ = {
			isa = PBXGroup;
			children = (
				309375BC1CB717EC00A68F8E /* index.html */,
			);
			name = html;
			sourceTree = "<group>";
		};
/* End PBXGroup section */

/* Begin PBXNativeTarget section */
		309375831CB714A100A68F8E /* Nesage */ = {
			isa = PBXNativeTarget;
			buildConfigurationList = 309375B11CB714A300A68F8E /* Build configuration list for PBXNativeTarget "Nesage" */;
			buildPhases = (
				309375801CB714A100A68F8E /* Sources */,
				309375811CB714A100A68F8E /* Frameworks */,
				309375821CB714A100A68F8E /* Resources */,
			);
			buildRules = (
			);
			dependencies = (
			);
			name = Nesage;
			productName = Nesage;
			productReference = 309375841CB714A100A68F8E /* Nesage.app */;
			productType = "com.apple.product-type.application";
		};
		3093759C1CB714A200A68F8E /* NesageTests */ = {
			isa = PBXNativeTarget;
			buildConfigurationList = 309375B41CB714A300A68F8E /* Build configuration list for PBXNativeTarget "NesageTests" */;
			buildPhases = (
				309375991CB714A200A68F8E /* Sources */,
				3093759A1CB714A200A68F8E /* Frameworks */,
				3093759B1CB714A200A68F8E /* Resources */,
			);
			buildRules = (
			);
			dependencies = (
				3093759F1CB714A200A68F8E /* PBXTargetDependency */,
			);
			name = NesageTests;
			productName = NesageTests;
			productReference = 3093759D1CB714A200A68F8E /* NesageTests.xctest */;
			productType = "com.apple.product-type.bundle.unit-test";
		};
		309375A71CB714A200A68F8E /* NesageUITests */ = {
			isa = PBXNativeTarget;
			buildConfigurationList = 309375B71CB714A300A68F8E /* Build configuration list for PBXNativeTarget "NesageUITests" */;
			buildPhases = (
				309375A41CB714A200A68F8E /* Sources */,
				309375A51CB714A200A68F8E /* Frameworks */,
				309375A61CB714A200A68F8E /* Resources */,
			);
			buildRules = (
			);
			dependencies = (
				309375AA1CB714A300A68F8E /* PBXTargetDependency */,
			);
			name = NesageUITests;
			productName = NesageUITests;
			productReference = 309375A81CB714A300A68F8E /* NesageUITests.xctest */;
			productType = "com.apple.product-type.bundle.ui-testing";
		};
/* End PBXNativeTarget section */

/* Begin PBXProject section */
		3093757C1CB714A100A68F8E /* Project object */ = {
			isa = PBXProject;
			attributes = {
				LastUpgradeCheck = 0900;
				ORGANIZATIONNAME = "ProSoftware,Inc.";
				TargetAttributes = {
					309375831CB714A100A68F8E = {
						CreatedOnToolsVersion = 7.2;
					};
					3093759C1CB714A200A68F8E = {
						CreatedOnToolsVersion = 7.2;
						TestTargetID = 309375831CB714A100A68F8E;
					};
					309375A71CB714A200A68F8E = {
						CreatedOnToolsVersion = 7.2;
						TestTargetID = 309375831CB714A100A68F8E;
					};
				};
			};
			buildConfigurationList = 3093757F1CB714A100A68F8E /* Build configuration list for PBXProject "Nesage" */;
			compatibilityVersion = "Xcode 3.2";
			developmentRegion = English;
			hasScannedForEncodings = 0;
			knownRegions = (
				en,
				Base,
			);
			mainGroup = 3093757B1CB714A000A68F8E;
			productRefGroup = 309375851CB714A100A68F8E /* Products */;
			projectDirPath = "";
			projectRoot = "";
			targets = (
				309375831CB714A100A68F8E /* Nesage */,
				3093759C1CB714A200A68F8E /* NesageTests */,
				309375A71CB714A200A68F8E /* NesageUITests */,
			);
		};
/* End PBXProject section */

/* Begin PBXResourcesBuildPhase section */
		309375821CB714A100A68F8E /* Resources */ = {
			isa = PBXResourcesBuildPhase;
			buildActionMask = 2147483647;
			files = (
				309375941CB714A200A68F8E /* Assets.xcassets in Resources */,
				157AD3BB203647A4005562B8 /* styles in Resources */,
				157AD3BC203647A4005562B8 /* LICENSE in Resources */,
				152DD2E91FEDFF60000A734F /* github.css in Resources */,
				300F330E1CC1BF620036149A /* SavePanelAccessoryView.xib in Resources */,
				309375BE1CB717EC00A68F8E /* index.html in Resources */,
				309375971CB714A200A68F8E /* Main.storyboard in Resources */,
				1599D6462039381F0005FA9C /* highlight.pack.js in Resources */,
			);
			runOnlyForDeploymentPostprocessing = 0;
		};
		3093759B1CB714A200A68F8E /* Resources */ = {
			isa = PBXResourcesBuildPhase;
			buildActionMask = 2147483647;
			files = (
			);
			runOnlyForDeploymentPostprocessing = 0;
		};
		309375A61CB714A200A68F8E /* Resources */ = {
			isa = PBXResourcesBuildPhase;
			buildActionMask = 2147483647;
			files = (
			);
			runOnlyForDeploymentPostprocessing = 0;
		};
/* End PBXResourcesBuildPhase section */

/* Begin PBXSourcesBuildPhase section */
		309375801CB714A100A68F8E /* Sources */ = {
			isa = PBXSourcesBuildPhase;
			buildActionMask = 2147483647;
			files = (
				152DD2E71FEDEC51000A734F /* NEWindow.m in Sources */,
				309375C31CB71CA100A68F8E /* NEWebView.m in Sources */,
				309375921CB714A100A68F8E /* Document.m in Sources */,
				3093758F1CB714A100A68F8E /* ViewController.m in Sources */,
				300F330D1CC1BF620036149A /* SavePanelAccessoryView.m in Sources */,
				3093758C1CB714A100A68F8E /* main.m in Sources */,
				152DD2DD1FE9D505000A734F /* markdown.c in Sources */,
				157AD3C2203648F7005562B8 /* HighlightJsWrapper.m in Sources */,
				152DD2E41FEDDC6C000A734F /* SoldoutWrapper.m in Sources */,
				152DD2DA1FE9D505000A734F /* array.c in Sources */,
				152DD2DB1FE9D505000A734F /* renderers.c in Sources */,
				152DD2DE1FE9D505000A734F /* buffer.c in Sources */,
				309375891CB714A100A68F8E /* AppDelegate.m in Sources */,
			);
			runOnlyForDeploymentPostprocessing = 0;
		};
		309375991CB714A200A68F8E /* Sources */ = {
			isa = PBXSourcesBuildPhase;
			buildActionMask = 2147483647;
			files = (
				309375A21CB714A200A68F8E /* NesageTests.m in Sources */,
			);
			runOnlyForDeploymentPostprocessing = 0;
		};
		309375A41CB714A200A68F8E /* Sources */ = {
			isa = PBXSourcesBuildPhase;
			buildActionMask = 2147483647;
			files = (
				309375AD1CB714A300A68F8E /* NesageUITests.m in Sources */,
			);
			runOnlyForDeploymentPostprocessing = 0;
		};
/* End PBXSourcesBuildPhase section */

/* Begin PBXTargetDependency section */
		3093759F1CB714A200A68F8E /* PBXTargetDependency */ = {
			isa = PBXTargetDependency;
			target = 309375831CB714A100A68F8E /* Nesage */;
			targetProxy = 3093759E1CB714A200A68F8E /* PBXContainerItemProxy */;
		};
		309375AA1CB714A300A68F8E /* PBXTargetDependency */ = {
			isa = PBXTargetDependency;
			target = 309375831CB714A100A68F8E /* Nesage */;
			targetProxy = 309375A91CB714A300A68F8E /* PBXContainerItemProxy */;
		};
/* End PBXTargetDependency section */

/* Begin PBXVariantGroup section */
		309375951CB714A200A68F8E /* Main.storyboard */ = {
			isa = PBXVariantGroup;
			children = (
				309375961CB714A200A68F8E /* Base */,
			);
			name = Main.storyboard;
			sourceTree = "<group>";
		};
/* End PBXVariantGroup section */

/* Begin XCBuildConfiguration section */
		309375AF1CB714A300A68F8E /* Debug */ = {
			isa = XCBuildConfiguration;
			buildSettings = {
				ALWAYS_SEARCH_USER_PATHS = NO;
				CLANG_CXX_LANGUAGE_STANDARD = "gnu++0x";
				CLANG_CXX_LIBRARY = "libc++";
				CLANG_ENABLE_MODULES = YES;
				CLANG_ENABLE_OBJC_ARC = YES;
				CLANG_WARN_BLOCK_CAPTURE_AUTORELEASING = YES;
				CLANG_WARN_BOOL_CONVERSION = YES;
				CLANG_WARN_COMMA = YES;
				CLANG_WARN_CONSTANT_CONVERSION = YES;
				CLANG_WARN_DIRECT_OBJC_ISA_USAGE = YES_ERROR;
				CLANG_WARN_EMPTY_BODY = YES;
				CLANG_WARN_ENUM_CONVERSION = YES;
				CLANG_WARN_INFINITE_RECURSION = YES;
				CLANG_WARN_INT_CONVERSION = YES;
				CLANG_WARN_NON_LITERAL_NULL_CONVERSION = YES;
				CLANG_WARN_OBJC_LITERAL_CONVERSION = YES;
				CLANG_WARN_OBJC_ROOT_CLASS = YES_ERROR;
				CLANG_WARN_RANGE_LOOP_ANALYSIS = YES;
				CLANG_WARN_STRICT_PROTOTYPES = YES;
				CLANG_WARN_SUSPICIOUS_MOVE = YES;
				CLANG_WARN_UNREACHABLE_CODE = YES;
				CLANG_WARN__DUPLICATE_METHOD_MATCH = YES;
				CODE_SIGN_IDENTITY = "-";
				COPY_PHASE_STRIP = NO;
				DEBUG_INFORMATION_FORMAT = dwarf;
				ENABLE_STRICT_OBJC_MSGSEND = YES;
				ENABLE_TESTABILITY = YES;
				GCC_C_LANGUAGE_STANDARD = gnu99;
				GCC_DYNAMIC_NO_PIC = NO;
				GCC_NO_COMMON_BLOCKS = YES;
				GCC_OPTIMIZATION_LEVEL = 0;
				GCC_PREPROCESSOR_DEFINITIONS = (
					"DEBUG=1",
					"$(inherited)",
				);
				GCC_WARN_64_TO_32_BIT_CONVERSION = YES;
				GCC_WARN_ABOUT_RETURN_TYPE = YES_ERROR;
				GCC_WARN_UNDECLARED_SELECTOR = YES;
				GCC_WARN_UNINITIALIZED_AUTOS = YES_AGGRESSIVE;
				GCC_WARN_UNUSED_FUNCTION = YES;
				GCC_WARN_UNUSED_VARIABLE = YES;
				MACOSX_DEPLOYMENT_TARGET = 10.11;
				MTL_ENABLE_DEBUG_INFO = YES;
				ONLY_ACTIVE_ARCH = YES;
				SDKROOT = macosx;
			};
			name = Debug;
		};
		309375B01CB714A300A68F8E /* Release */ = {
			isa = XCBuildConfiguration;
			buildSettings = {
				ALWAYS_SEARCH_USER_PATHS = NO;
				CLANG_CXX_LANGUAGE_STANDARD = "gnu++0x";
				CLANG_CXX_LIBRARY = "libc++";
				CLANG_ENABLE_MODULES = YES;
				CLANG_ENABLE_OBJC_ARC = YES;
				CLANG_WARN_BLOCK_CAPTURE_AUTORELEASING = YES;
				CLANG_WARN_BOOL_CONVERSION = YES;
				CLANG_WARN_COMMA = YES;
				CLANG_WARN_CONSTANT_CONVERSION = YES;
				CLANG_WARN_DIRECT_OBJC_ISA_USAGE = YES_ERROR;
				CLANG_WARN_EMPTY_BODY = YES;
				CLANG_WARN_ENUM_CONVERSION = YES;
				CLANG_WARN_INFINITE_RECURSION = YES;
				CLANG_WARN_INT_CONVERSION = YES;
				CLANG_WARN_NON_LITERAL_NULL_CONVERSION = YES;
				CLANG_WARN_OBJC_LITERAL_CONVERSION = YES;
				CLANG_WARN_OBJC_ROOT_CLASS = YES_ERROR;
				CLANG_WARN_RANGE_LOOP_ANALYSIS = YES;
				CLANG_WARN_STRICT_PROTOTYPES = YES;
				CLANG_WARN_SUSPICIOUS_MOVE = YES;
				CLANG_WARN_UNREACHABLE_CODE = YES;
				CLANG_WARN__DUPLICATE_METHOD_MATCH = YES;
				CODE_SIGN_IDENTITY = "-";
				COPY_PHASE_STRIP = NO;
				DEBUG_INFORMATION_FORMAT = "dwarf-with-dsym";
				ENABLE_NS_ASSERTIONS = NO;
				ENABLE_STRICT_OBJC_MSGSEND = YES;
				GCC_C_LANGUAGE_STANDARD = gnu99;
				GCC_NO_COMMON_BLOCKS = YES;
				GCC_WARN_64_TO_32_BIT_CONVERSION = YES;
				GCC_WARN_ABOUT_RETURN_TYPE = YES_ERROR;
				GCC_WARN_UNDECLARED_SELECTOR = YES;
				GCC_WARN_UNINITIALIZED_AUTOS = YES_AGGRESSIVE;
				GCC_WARN_UNUSED_FUNCTION = YES;
				GCC_WARN_UNUSED_VARIABLE = YES;
				MACOSX_DEPLOYMENT_TARGET = 10.11;
				MTL_ENABLE_DEBUG_INFO = NO;
				SDKROOT = macosx;
			};
			name = Release;
		};
		309375B21CB714A300A68F8E /* Debug */ = {
			isa = XCBuildConfiguration;
			buildSettings = {
				ASSETCATALOG_COMPILER_APPICON_NAME = AppIcon;
				COMBINE_HIDPI_IMAGES = YES;
				FRAMEWORK_SEARCH_PATHS = (
					"$(inherited)",
					"$(PROJECT_DIR)/Carthage/Build/Mac",
				);
				INFOPLIST_FILE = Nesage/Info.plist;
				LD_RUNPATH_SEARCH_PATHS = "$(inherited) @executable_path/../Frameworks";
				PRODUCT_BUNDLE_IDENTIFIER = jp.co.44da.Nesage;
				PRODUCT_NAME = "$(TARGET_NAME)";
			};
			name = Debug;
		};
		309375B31CB714A300A68F8E /* Release */ = {
			isa = XCBuildConfiguration;
			buildSettings = {
				ASSETCATALOG_COMPILER_APPICON_NAME = AppIcon;
				COMBINE_HIDPI_IMAGES = YES;
				FRAMEWORK_SEARCH_PATHS = (
					"$(inherited)",
					"$(PROJECT_DIR)/Carthage/Build/Mac",
				);
				INFOPLIST_FILE = Nesage/Info.plist;
				LD_RUNPATH_SEARCH_PATHS = "$(inherited) @executable_path/../Frameworks";
				PRODUCT_BUNDLE_IDENTIFIER = jp.co.44da.Nesage;
				PRODUCT_NAME = "$(TARGET_NAME)";
			};
			name = Release;
		};
		309375B51CB714A300A68F8E /* Debug */ = {
			isa = XCBuildConfiguration;
			buildSettings = {
				BUNDLE_LOADER = "$(TEST_HOST)";
				COMBINE_HIDPI_IMAGES = YES;
				INFOPLIST_FILE = NesageTests/Info.plist;
				LD_RUNPATH_SEARCH_PATHS = "$(inherited) @executable_path/../Frameworks @loader_path/../Frameworks";
				PRODUCT_BUNDLE_IDENTIFIER = jp.co.prosoftware.NesageTests;
				PRODUCT_NAME = "$(TARGET_NAME)";
				TEST_HOST = "$(BUILT_PRODUCTS_DIR)/Nesage.app/Contents/MacOS/Nesage";
			};
			name = Debug;
		};
		309375B61CB714A300A68F8E /* Release */ = {
			isa = XCBuildConfiguration;
			buildSettings = {
				BUNDLE_LOADER = "$(TEST_HOST)";
				COMBINE_HIDPI_IMAGES = YES;
				INFOPLIST_FILE = NesageTests/Info.plist;
				LD_RUNPATH_SEARCH_PATHS = "$(inherited) @executable_path/../Frameworks @loader_path/../Frameworks";
				PRODUCT_BUNDLE_IDENTIFIER = jp.co.prosoftware.NesageTests;
				PRODUCT_NAME = "$(TARGET_NAME)";
				TEST_HOST = "$(BUILT_PRODUCTS_DIR)/Nesage.app/Contents/MacOS/Nesage";
			};
			name = Release;
		};
		309375B81CB714A300A68F8E /* Debug */ = {
			isa = XCBuildConfiguration;
			buildSettings = {
				CODE_SIGN_IDENTITY = "";
				COMBINE_HIDPI_IMAGES = YES;
				INFOPLIST_FILE = NesageUITests/Info.plist;
				LD_RUNPATH_SEARCH_PATHS = "$(inherited) @executable_path/../Frameworks @loader_path/../Frameworks";
				PRODUCT_BUNDLE_IDENTIFIER = jp.co.prosoftware.NesageUITests;
				PRODUCT_NAME = "$(TARGET_NAME)";
				TEST_TARGET_NAME = Nesage;
				USES_XCTRUNNER = YES;
			};
			name = Debug;
		};
		309375B91CB714A300A68F8E /* Release */ = {
			isa = XCBuildConfiguration;
			buildSettings = {
				CODE_SIGN_IDENTITY = "";
				COMBINE_HIDPI_IMAGES = YES;
				INFOPLIST_FILE = NesageUITests/Info.plist;
				LD_RUNPATH_SEARCH_PATHS = "$(inherited) @executable_path/../Frameworks @loader_path/../Frameworks";
				PRODUCT_BUNDLE_IDENTIFIER = jp.co.prosoftware.NesageUITests;
				PRODUCT_NAME = "$(TARGET_NAME)";
				TEST_TARGET_NAME = Nesage;
				USES_XCTRUNNER = YES;
			};
			name = Release;
		};
/* End XCBuildConfiguration section */

/* Begin XCConfigurationList section */
		3093757F1CB714A100A68F8E /* Build configuration list for PBXProject "Nesage" */ = {
			isa = XCConfigurationList;
			buildConfigurations = (
				309375AF1CB714A300A68F8E /* Debug */,
				309375B01CB714A300A68F8E /* Release */,
			);
			defaultConfigurationIsVisible = 0;
			defaultConfigurationName = Release;
		};
		309375B11CB714A300A68F8E /* Build configuration list for PBXNativeTarget "Nesage" */ = {
			isa = XCConfigurationList;
			buildConfigurations = (
				309375B21CB714A300A68F8E /* Debug */,
				309375B31CB714A300A68F8E /* Release */,
			);
			defaultConfigurationIsVisible = 0;
			defaultConfigurationName = Release;
		};
		309375B41CB714A300A68F8E /* Build configuration list for PBXNativeTarget "NesageTests" */ = {
			isa = XCConfigurationList;
			buildConfigurations = (
				309375B51CB714A300A68F8E /* Debug */,
				309375B61CB714A300A68F8E /* Release */,
			);
			defaultConfigurationIsVisible = 0;
			defaultConfigurationName = Release;
		};
		309375B71CB714A300A68F8E /* Build configuration list for PBXNativeTarget "NesageUITests" */ = {
			isa = XCConfigurationList;
			buildConfigurations = (
				309375B81CB714A300A68F8E /* Debug */,
				309375B91CB714A300A68F8E /* Release */,
			);
			defaultConfigurationIsVisible = 0;
			defaultConfigurationName = Release;
		};
/* End XCConfigurationList section */
	};
	rootObject = 3093757C1CB714A100A68F8E /* Project object */;
}
